// !$*UTF8*$!
{
	archiveVersion = 1;
	classes = {
	};
	objectVersion = 46;
	objects = {

/* Begin PBXBuildFile section */
		000B2046823E65B93DB3ABCE /* Alamofire.swift in Sources */ = {isa = PBXBuildFile; fileRef = 53340FC81B95E3EAED872ABF /* Alamofire.swift */; };
		18A2764D5B1821DE0BF00DD0 /* Pods-dummy.m in Sources */ = {isa = PBXBuildFile; fileRef = 55573974AF66C3E5B874B847 /* Pods-dummy.m */; };
		23D6979A808006C53321AFE0 /* Pods-umbrella.h in Headers */ = {isa = PBXBuildFile; fileRef = 360C0C2FA9B68E6034D4FC37 /* Pods-umbrella.h */; settings = {ATTRIBUTES = (Public, ); }; };
		714CFD7FD5E4806519FFF73E /* Foundation.framework in Frameworks */ = {isa = PBXBuildFile; fileRef = 44189E2D6DD2FF5B3297B17A /* Foundation.framework */; };
		7753B80B9F492E6AC2D8C963 /* Foundation.framework in Frameworks */ = {isa = PBXBuildFile; fileRef = 44189E2D6DD2FF5B3297B17A /* Foundation.framework */; };
		83F9DDA60322153F4CB23267 /* Pods-Alamofire-dummy.m in Sources */ = {isa = PBXBuildFile; fileRef = 150D08943C3DC7675E10A8CF /* Pods-Alamofire-dummy.m */; };
		AE6C5E471D151E390865C40E /* Pods-Alamofire-umbrella.h in Headers */ = {isa = PBXBuildFile; fileRef = 4AA11F872FC0B5884AE5A82A /* Pods-Alamofire-umbrella.h */; settings = {ATTRIBUTES = (Public, ); }; };
/* End PBXBuildFile section */

/* Begin PBXContainerItemProxy section */
		B05723A8F8CB3B585FC1FF6F /* PBXContainerItemProxy */ = {
			isa = PBXContainerItemProxy;
			containerPortal = 6F26CAF18E77EC35414D9B4E /* Project object */;
			proxyType = 1;
			remoteGlobalIDString = C1360EB24BAD05B7151C46FB;
			remoteInfo = "Pods-Alamofire";
		};
/* End PBXContainerItemProxy section */

/* Begin PBXFileReference section */
		150D08943C3DC7675E10A8CF /* Pods-Alamofire-dummy.m */ = {isa = PBXFileReference; includeInIndex = 1; lastKnownFileType = sourcecode.c.objc; path = "Pods-Alamofire-dummy.m"; sourceTree = "<group>"; };
		19C28AB2E5324F71223599B9 /* Pods.release.xcconfig */ = {isa = PBXFileReference; includeInIndex = 1; lastKnownFileType = text.xcconfig; path = Pods.release.xcconfig; sourceTree = "<group>"; };
		360C0C2FA9B68E6034D4FC37 /* Pods-umbrella.h */ = {isa = PBXFileReference; includeInIndex = 1; lastKnownFileType = sourcecode.c.h; path = "Pods-umbrella.h"; sourceTree = "<group>"; };
		377E26EF643CFA19FC5A89A8 /* Pods-acknowledgements.markdown */ = {isa = PBXFileReference; includeInIndex = 1; lastKnownFileType = text; path = "Pods-acknowledgements.markdown"; sourceTree = "<group>"; };
		3A4E969160DDD129762E87BC /* Info.plist */ = {isa = PBXFileReference; includeInIndex = 1; lastKnownFileType = text.plist.xml; path = Info.plist; sourceTree = "<group>"; };
		44189E2D6DD2FF5B3297B17A /* Foundation.framework */ = {isa = PBXFileReference; lastKnownFileType = wrapper.framework; name = Foundation.framework; path = Platforms/iPhoneOS.platform/Developer/SDKs/iPhoneOS7.1.sdk/System/Library/Frameworks/Foundation.framework; sourceTree = DEVELOPER_DIR; };
		4AA11F872FC0B5884AE5A82A /* Pods-Alamofire-umbrella.h */ = {isa = PBXFileReference; includeInIndex = 1; lastKnownFileType = sourcecode.c.h; path = "Pods-Alamofire-umbrella.h"; sourceTree = "<group>"; };
		4E33DA237DABE5BDA24C2A47 /* Pods-Alamofire-prefix.pch */ = {isa = PBXFileReference; includeInIndex = 1; lastKnownFileType = sourcecode.c.h; path = "Pods-Alamofire-prefix.pch"; sourceTree = "<group>"; };
		53340FC81B95E3EAED872ABF /* Alamofire.swift */ = {isa = PBXFileReference; includeInIndex = 1; lastKnownFileType = sourcecode.swift; name = Alamofire.swift; path = Source/Alamofire.swift; sourceTree = "<group>"; };
		55573974AF66C3E5B874B847 /* Pods-dummy.m */ = {isa = PBXFileReference; includeInIndex = 1; lastKnownFileType = sourcecode.c.objc; path = "Pods-dummy.m"; sourceTree = "<group>"; };
		5DB448D7A67D8A5C2EF5D078 /* Pods.modulemap */ = {isa = PBXFileReference; includeInIndex = 1; lastKnownFileType = "sourcecode.module-map"; path = Pods.modulemap; sourceTree = "<group>"; };
		69D42CC5D08CB3B6C90D6202 /* Pods.debug.xcconfig */ = {isa = PBXFileReference; includeInIndex = 1; lastKnownFileType = text.xcconfig; path = Pods.debug.xcconfig; sourceTree = "<group>"; };
		6E0DE90E324867385C386AA2 /* Info.plist */ = {isa = PBXFileReference; includeInIndex = 1; lastKnownFileType = text.plist.xml; path = Info.plist; sourceTree = "<group>"; };
		719F1C71F1105A172D828E09 /* Pods-Alamofire.modulemap */ = {isa = PBXFileReference; includeInIndex = 1; lastKnownFileType = "sourcecode.module-map"; path = "Pods-Alamofire.modulemap"; sourceTree = "<group>"; };
		85D3946417A94AA1C1E5EAF0 /* Podfile */ = {isa = PBXFileReference; includeInIndex = 1; lastKnownFileType = text; name = Podfile; path = ../Podfile; sourceTree = SOURCE_ROOT; xcLanguageSpecificationIdentifier = xcode.lang.ruby; };
		8AA02E7DA15A0BCB9FC19714 /* Pods-frameworks.sh */ = {isa = PBXFileReference; includeInIndex = 1; lastKnownFileType = text.script.sh; path = "Pods-frameworks.sh"; sourceTree = "<group>"; };
		9199E8A3ED2820069449127E /* Pods.framework */ = {isa = PBXFileReference; explicitFileType = wrapper.framework; includeInIndex = 0; path = Pods.framework; sourceTree = BUILT_PRODUCTS_DIR; };
		A31EB7AA18DB5EE117B7148F /* Pods-acknowledgements.plist */ = {isa = PBXFileReference; includeInIndex = 1; lastKnownFileType = text.plist.xml; path = "Pods-acknowledgements.plist"; sourceTree = "<group>"; };
		ACEA0EBB39365A8F73BD71F6 /* Pods-resources.sh */ = {isa = PBXFileReference; includeInIndex = 1; lastKnownFileType = text.script.sh; path = "Pods-resources.sh"; sourceTree = "<group>"; };
		BA87EE93A81CB2F940D5E57A /* Pods-environment.h */ = {isa = PBXFileReference; includeInIndex = 1; lastKnownFileType = sourcecode.c.h; path = "Pods-environment.h"; sourceTree = "<group>"; };
		ED1BA65BFA35DF250637B69E /* Alamofire.framework */ = {isa = PBXFileReference; explicitFileType = wrapper.framework; includeInIndex = 0; path = Alamofire.framework; sourceTree = BUILT_PRODUCTS_DIR; };
		FF1889C730FBECCC56A20735 /* Pods-Alamofire.xcconfig */ = {isa = PBXFileReference; includeInIndex = 1; lastKnownFileType = text.xcconfig; path = "Pods-Alamofire.xcconfig"; sourceTree = "<group>"; };
		FF6D5F83FEAC56D58B38787D /* Pods-Alamofire-Private.xcconfig */ = {isa = PBXFileReference; includeInIndex = 1; lastKnownFileType = text.xcconfig; path = "Pods-Alamofire-Private.xcconfig"; sourceTree = "<group>"; };
/* End PBXFileReference section */

/* Begin PBXFrameworksBuildPhase section */
		1D83B1208B51861F968B3A3D /* Frameworks */ = {
			isa = PBXFrameworksBuildPhase;
			buildActionMask = 2147483647;
			files = (
				7753B80B9F492E6AC2D8C963 /* Foundation.framework in Frameworks */,
			);
			runOnlyForDeploymentPostprocessing = 0;
		};
		A78BD9EF930AFAF0F4292199 /* Frameworks */ = {
			isa = PBXFrameworksBuildPhase;
			buildActionMask = 2147483647;
			files = (
				714CFD7FD5E4806519FFF73E /* Foundation.framework in Frameworks */,
			);
			runOnlyForDeploymentPostprocessing = 0;
		};
/* End PBXFrameworksBuildPhase section */

/* Begin PBXGroup section */
		17C396ED41A562F62F4CA113 /* Pods */ = {
			isa = PBXGroup;
			children = (
				50C211C34A6FF5B14FA49318 /* Alamofire */,
			);
			name = Pods;
			sourceTree = "<group>";
		};
		35B9C21B2D149E4579036124 = {
			isa = PBXGroup;
			children = (
				85D3946417A94AA1C1E5EAF0 /* Podfile */,
				9221E11A211A32A5D15148BE /* Frameworks */,
				17C396ED41A562F62F4CA113 /* Pods */,
				6114AAFD91953E410B388B6C /* Products */,
				4D40DDB707EDC471D2342D43 /* Targets Support Files */,
			);
			sourceTree = "<group>";
		};
		3D715FC33043AD9210931355 /* iOS */ = {
			isa = PBXGroup;
			children = (
				44189E2D6DD2FF5B3297B17A /* Foundation.framework */,
			);
			name = iOS;
			sourceTree = "<group>";
		};
		4D40DDB707EDC471D2342D43 /* Targets Support Files */ = {
			isa = PBXGroup;
			children = (
				9712BDC2836117B1A64A16E1 /* Pods */,
			);
			name = "Targets Support Files";
			sourceTree = "<group>";
		};
		50C211C34A6FF5B14FA49318 /* Alamofire */ = {
			isa = PBXGroup;
			children = (
				53340FC81B95E3EAED872ABF /* Alamofire.swift */,
				7F431F02F4373F169C70562C /* Support Files */,
			);
			path = Alamofire;
			sourceTree = "<group>";
		};
		6114AAFD91953E410B388B6C /* Products */ = {
			isa = PBXGroup;
			children = (
				ED1BA65BFA35DF250637B69E /* Alamofire.framework */,
				9199E8A3ED2820069449127E /* Pods.framework */,
			);
			name = Products;
			sourceTree = "<group>";
		};
		7F431F02F4373F169C70562C /* Support Files */ = {
			isa = PBXGroup;
			children = (
				3A4E969160DDD129762E87BC /* Info.plist */,
				719F1C71F1105A172D828E09 /* Pods-Alamofire.modulemap */,
				FF1889C730FBECCC56A20735 /* Pods-Alamofire.xcconfig */,
				FF6D5F83FEAC56D58B38787D /* Pods-Alamofire-Private.xcconfig */,
				150D08943C3DC7675E10A8CF /* Pods-Alamofire-dummy.m */,
				4E33DA237DABE5BDA24C2A47 /* Pods-Alamofire-prefix.pch */,
				4AA11F872FC0B5884AE5A82A /* Pods-Alamofire-umbrella.h */,
			);
			name = "Support Files";
			path = "../Target Support Files/Pods-Alamofire";
			sourceTree = "<group>";
		};
		9221E11A211A32A5D15148BE /* Frameworks */ = {
			isa = PBXGroup;
			children = (
				3D715FC33043AD9210931355 /* iOS */,
			);
			name = Frameworks;
			sourceTree = "<group>";
		};
		9712BDC2836117B1A64A16E1 /* Pods */ = {
			isa = PBXGroup;
			children = (
				6E0DE90E324867385C386AA2 /* Info.plist */,
				5DB448D7A67D8A5C2EF5D078 /* Pods.modulemap */,
				377E26EF643CFA19FC5A89A8 /* Pods-acknowledgements.markdown */,
				A31EB7AA18DB5EE117B7148F /* Pods-acknowledgements.plist */,
				55573974AF66C3E5B874B847 /* Pods-dummy.m */,
				BA87EE93A81CB2F940D5E57A /* Pods-environment.h */,
				8AA02E7DA15A0BCB9FC19714 /* Pods-frameworks.sh */,
				ACEA0EBB39365A8F73BD71F6 /* Pods-resources.sh */,
				360C0C2FA9B68E6034D4FC37 /* Pods-umbrella.h */,
				69D42CC5D08CB3B6C90D6202 /* Pods.debug.xcconfig */,
				19C28AB2E5324F71223599B9 /* Pods.release.xcconfig */,
			);
			name = Pods;
			path = "Target Support Files/Pods";
			sourceTree = "<group>";
		};
/* End PBXGroup section */

/* Begin PBXHeadersBuildPhase section */
		829B897E8917C89155DA1278 /* Headers */ = {
			isa = PBXHeadersBuildPhase;
			buildActionMask = 2147483647;
			files = (
				AE6C5E471D151E390865C40E /* Pods-Alamofire-umbrella.h in Headers */,
			);
			runOnlyForDeploymentPostprocessing = 0;
		};
		EDA991664831D1F5D02998D2 /* Headers */ = {
			isa = PBXHeadersBuildPhase;
			buildActionMask = 2147483647;
			files = (
				23D6979A808006C53321AFE0 /* Pods-umbrella.h in Headers */,
			);
			runOnlyForDeploymentPostprocessing = 0;
		};
/* End PBXHeadersBuildPhase section */

/* Begin PBXNativeTarget section */
		B2B3F44C1994E5B11DBCFF49 /* Pods */ = {
			isa = PBXNativeTarget;
			buildConfigurationList = 9288F4518DC4EB74F93B3B77 /* Build configuration list for PBXNativeTarget "Pods" */;
			buildPhases = (
				86E33BBB7AB57477A1BC6686 /* Sources */,
				1D83B1208B51861F968B3A3D /* Frameworks */,
				EDA991664831D1F5D02998D2 /* Headers */,
			);
			buildRules = (
			);
			dependencies = (
				872918819D43470B5BCAA23E /* PBXTargetDependency */,
			);
			name = Pods;
			productName = Pods;
			productReference = 9199E8A3ED2820069449127E /* Pods.framework */;
			productType = "com.apple.product-type.framework";
		};
		C1360EB24BAD05B7151C46FB /* Pods-Alamofire */ = {
			isa = PBXNativeTarget;
			buildConfigurationList = 583853F3256D04C08F8484D2 /* Build configuration list for PBXNativeTarget "Pods-Alamofire" */;
			buildPhases = (
				CFFD162D12B95C58C33E5371 /* Sources */,
				A78BD9EF930AFAF0F4292199 /* Frameworks */,
				829B897E8917C89155DA1278 /* Headers */,
			);
			buildRules = (
			);
			dependencies = (
			);
			name = "Pods-Alamofire";
			productName = "Pods-Alamofire";
			productReference = ED1BA65BFA35DF250637B69E /* Alamofire.framework */;
			productType = "com.apple.product-type.framework";
		};
/* End PBXNativeTarget section */

/* Begin PBXProject section */
		6F26CAF18E77EC35414D9B4E /* Project object */ = {
			isa = PBXProject;
			attributes = {
				LastUpgradeCheck = 0510;
			};
			buildConfigurationList = 228C63E080E982B52E8097B0 /* Build configuration list for PBXProject "Pods" */;
			compatibilityVersion = "Xcode 3.2";
			developmentRegion = English;
			hasScannedForEncodings = 0;
			knownRegions = (
				en,
			);
			mainGroup = 35B9C21B2D149E4579036124;
			productRefGroup = 6114AAFD91953E410B388B6C /* Products */;
			projectDirPath = "";
			projectRoot = "";
			targets = (
				B2B3F44C1994E5B11DBCFF49 /* Pods */,
				C1360EB24BAD05B7151C46FB /* Pods-Alamofire */,
			);
		};
/* End PBXProject section */

/* Begin PBXSourcesBuildPhase section */
		86E33BBB7AB57477A1BC6686 /* Sources */ = {
			isa = PBXSourcesBuildPhase;
			buildActionMask = 2147483647;
			files = (
				18A2764D5B1821DE0BF00DD0 /* Pods-dummy.m in Sources */,
			);
			runOnlyForDeploymentPostprocessing = 0;
		};
		CFFD162D12B95C58C33E5371 /* Sources */ = {
			isa = PBXSourcesBuildPhase;
			buildActionMask = 2147483647;
			files = (
				000B2046823E65B93DB3ABCE /* Alamofire.swift in Sources */,
				83F9DDA60322153F4CB23267 /* Pods-Alamofire-dummy.m in Sources */,
			);
			runOnlyForDeploymentPostprocessing = 0;
		};
/* End PBXSourcesBuildPhase section */

/* Begin PBXTargetDependency section */
		872918819D43470B5BCAA23E /* PBXTargetDependency */ = {
			isa = PBXTargetDependency;
			name = "Pods-Alamofire";
			target = C1360EB24BAD05B7151C46FB /* Pods-Alamofire */;
			targetProxy = B05723A8F8CB3B585FC1FF6F /* PBXContainerItemProxy */;
		};
/* End PBXTargetDependency section */

/* Begin XCBuildConfiguration section */
		600F5BA667E491C83DFC34AC /* Release */ = {
			isa = XCBuildConfiguration;
			baseConfigurationReference = 19C28AB2E5324F71223599B9 /* Pods.release.xcconfig */;
			buildSettings = {
				"CODE_SIGN_IDENTITY[sdk=iphoneos*]" = "iPhone Developer";
				CURRENT_PROJECT_VERSION = 1;
				DEFINES_MODULE = YES;
				DYLIB_COMPATIBILITY_VERSION = 1;
				DYLIB_CURRENT_VERSION = 1;
				DYLIB_INSTALL_NAME_BASE = "@rpath";
				ENABLE_STRICT_OBJC_MSGSEND = YES;
				INFOPLIST_FILE = "Target Support Files/Pods/Info.plist";
				INSTALL_PATH = "$(LOCAL_LIBRARY_DIR)/Frameworks";
				IPHONEOS_DEPLOYMENT_TARGET = 8.0;
				LD_RUNPATH_SEARCH_PATHS = "$(inherited) @executable_path/Frameworks @loader_path/Frameworks";
				MODULEMAP_FILE = "Target Support Files/Pods/Pods.modulemap";
				MTL_ENABLE_DEBUG_INFO = NO;
				OTHER_LDFLAGS = "";
				OTHER_LIBTOOLFLAGS = "";
				PODS_ROOT = "$(SRCROOT)";
				PRODUCT_NAME = Pods;
				SDKROOT = iphoneos;
				SKIP_INSTALL = YES;
				TARGETED_DEVICE_FAMILY = "1,2";
				VERSIONING_SYSTEM = "apple-generic";
				VERSION_INFO_PREFIX = "";
			};
			name = Release;
		};
		73FAFB5F88FEB75823F7C390 /* Debug */ = {
			isa = XCBuildConfiguration;
			baseConfigurationReference = FF6D5F83FEAC56D58B38787D /* Pods-Alamofire-Private.xcconfig */;
			buildSettings = {
				"CODE_SIGN_IDENTITY[sdk=iphoneos*]" = "iPhone Developer";
				CURRENT_PROJECT_VERSION = 1;
				DEFINES_MODULE = YES;
				DYLIB_COMPATIBILITY_VERSION = 1;
				DYLIB_CURRENT_VERSION = 1;
				DYLIB_INSTALL_NAME_BASE = "@rpath";
				ENABLE_STRICT_OBJC_MSGSEND = YES;
				GCC_PREFIX_HEADER = "Target Support Files/Pods-Alamofire/Pods-Alamofire-prefix.pch";
				INFOPLIST_FILE = "Target Support Files/Pods-Alamofire/Info.plist";
				INSTALL_PATH = "$(LOCAL_LIBRARY_DIR)/Frameworks";
				IPHONEOS_DEPLOYMENT_TARGET = 8.0;
				LD_RUNPATH_SEARCH_PATHS = "$(inherited) @executable_path/Frameworks @loader_path/Frameworks";
				MODULEMAP_FILE = "Target Support Files/Pods-Alamofire/Pods-Alamofire.modulemap";
				MTL_ENABLE_DEBUG_INFO = YES;
				PRODUCT_NAME = Alamofire;
				SDKROOT = iphoneos;
				SKIP_INSTALL = YES;
				SWIFT_OPTIMIZATION_LEVEL = "-Onone";
				TARGETED_DEVICE_FAMILY = "1,2";
				VERSIONING_SYSTEM = "apple-generic";
				VERSION_INFO_PREFIX = "";
			};
			name = Debug;
		};
		7B27F3B61BF0F7CCDC8C9079 /* Debug */ = {
			isa = XCBuildConfiguration;
			baseConfigurationReference = 69D42CC5D08CB3B6C90D6202 /* Pods.debug.xcconfig */;
			buildSettings = {
				"CODE_SIGN_IDENTITY[sdk=iphoneos*]" = "iPhone Developer";
				CURRENT_PROJECT_VERSION = 1;
				DEFINES_MODULE = YES;
				DYLIB_COMPATIBILITY_VERSION = 1;
				DYLIB_CURRENT_VERSION = 1;
				DYLIB_INSTALL_NAME_BASE = "@rpath";
				ENABLE_STRICT_OBJC_MSGSEND = YES;
				INFOPLIST_FILE = "Target Support Files/Pods/Info.plist";
				INSTALL_PATH = "$(LOCAL_LIBRARY_DIR)/Frameworks";
				IPHONEOS_DEPLOYMENT_TARGET = 8.0;
				LD_RUNPATH_SEARCH_PATHS = "$(inherited) @executable_path/Frameworks @loader_path/Frameworks";
				MODULEMAP_FILE = "Target Support Files/Pods/Pods.modulemap";
				MTL_ENABLE_DEBUG_INFO = YES;
				OTHER_LDFLAGS = "";
				OTHER_LIBTOOLFLAGS = "";
				PODS_ROOT = "$(SRCROOT)";
				PRODUCT_NAME = Pods;
				SDKROOT = iphoneos;
				SKIP_INSTALL = YES;
				SWIFT_OPTIMIZATION_LEVEL = "-Onone";
				TARGETED_DEVICE_FAMILY = "1,2";
				VERSIONING_SYSTEM = "apple-generic";
				VERSION_INFO_PREFIX = "";
			};
			name = Debug;
		};
		8410D5E338CC2E045B590F02 /* Debug */ = {
			isa = XCBuildConfiguration;
			buildSettings = {
				ALWAYS_SEARCH_USER_PATHS = NO;
				CLANG_CXX_LANGUAGE_STANDARD = "gnu++0x";
				CLANG_CXX_LIBRARY = "libc++";
				CLANG_ENABLE_MODULES = YES;
				CLANG_ENABLE_OBJC_ARC = YES;
				CLANG_WARN_BOOL_CONVERSION = YES;
				CLANG_WARN_CONSTANT_CONVERSION = YES;
				CLANG_WARN_DIRECT_OBJC_ISA_USAGE = YES;
				CLANG_WARN_EMPTY_BODY = YES;
				CLANG_WARN_ENUM_CONVERSION = YES;
				CLANG_WARN_INT_CONVERSION = YES;
				CLANG_WARN_OBJC_ROOT_CLASS = YES;
				CLANG_WARN_UNREACHABLE_CODE = YES;
				CLANG_WARN__DUPLICATE_METHOD_MATCH = YES;
				COPY_PHASE_STRIP = NO;
				GCC_C_LANGUAGE_STANDARD = gnu99;
				GCC_DYNAMIC_NO_PIC = NO;
				GCC_OPTIMIZATION_LEVEL = 0;
				GCC_PREPROCESSOR_DEFINITIONS = (
					"DEBUG=1",
					"$(inherited)",
				);
				GCC_SYMBOLS_PRIVATE_EXTERN = NO;
				GCC_WARN_64_TO_32_BIT_CONVERSION = YES;
				GCC_WARN_ABOUT_RETURN_TYPE = YES;
				GCC_WARN_UNDECLARED_SELECTOR = YES;
				GCC_WARN_UNINITIALIZED_AUTOS = YES;
				GCC_WARN_UNUSED_FUNCTION = YES;
				GCC_WARN_UNUSED_VARIABLE = YES;
				IPHONEOS_DEPLOYMENT_TARGET = 8.0;
				ONLY_ACTIVE_ARCH = YES;
				STRIP_INSTALLED_PRODUCT = NO;
				SYMROOT = "${SRCROOT}/../build";
			};
			name = Debug;
		};
		8DFE13555C7D0F498B9A8EBD /* Release */ = {
			isa = XCBuildConfiguration;
			baseConfigurationReference = FF6D5F83FEAC56D58B38787D /* Pods-Alamofire-Private.xcconfig */;
			buildSettings = {
				"CODE_SIGN_IDENTITY[sdk=iphoneos*]" = "iPhone Developer";
				CURRENT_PROJECT_VERSION = 1;
				DEFINES_MODULE = YES;
				DYLIB_COMPATIBILITY_VERSION = 1;
				DYLIB_CURRENT_VERSION = 1;
				DYLIB_INSTALL_NAME_BASE = "@rpath";
				ENABLE_STRICT_OBJC_MSGSEND = YES;
				GCC_PREFIX_HEADER = "Target Support Files/Pods-Alamofire/Pods-Alamofire-prefix.pch";
				INFOPLIST_FILE = "Target Support Files/Pods-Alamofire/Info.plist";
				INSTALL_PATH = "$(LOCAL_LIBRARY_DIR)/Frameworks";
				IPHONEOS_DEPLOYMENT_TARGET = 8.0;
				LD_RUNPATH_SEARCH_PATHS = "$(inherited) @executable_path/Frameworks @loader_path/Frameworks";
				MODULEMAP_FILE = "Target Support Files/Pods-Alamofire/Pods-Alamofire.modulemap";
				MTL_ENABLE_DEBUG_INFO = NO;
				PRODUCT_NAME = Alamofire;
				SDKROOT = iphoneos;
				SKIP_INSTALL = YES;
				TARGETED_DEVICE_FAMILY = "1,2";
				VERSIONING_SYSTEM = "apple-generic";
				VERSION_INFO_PREFIX = "";
			};
			name = Release;
		};
		FF44F397E42D1CB47D80ED21 /* Release */ = {
			isa = XCBuildConfiguration;
			buildSettings = {
				ALWAYS_SEARCH_USER_PATHS = NO;
				CLANG_CXX_LANGUAGE_STANDARD = "gnu++0x";
				CLANG_CXX_LIBRARY = "libc++";
				CLANG_ENABLE_MODULES = YES;
				CLANG_ENABLE_OBJC_ARC = YES;
				CLANG_WARN_BOOL_CONVERSION = YES;
				CLANG_WARN_CONSTANT_CONVERSION = YES;
				CLANG_WARN_DIRECT_OBJC_ISA_USAGE = YES;
				CLANG_WARN_EMPTY_BODY = YES;
				CLANG_WARN_ENUM_CONVERSION = YES;
				CLANG_WARN_INT_CONVERSION = YES;
				CLANG_WARN_OBJC_ROOT_CLASS = YES;
				CLANG_WARN_UNREACHABLE_CODE = YES;
				CLANG_WARN__DUPLICATE_METHOD_MATCH = YES;
				COPY_PHASE_STRIP = YES;
				ENABLE_NS_ASSERTIONS = NO;
				GCC_C_LANGUAGE_STANDARD = gnu99;
				GCC_PREPROCESSOR_DEFINITIONS = "RELEASE=1";
				GCC_WARN_64_TO_32_BIT_CONVERSION = YES;
				GCC_WARN_ABOUT_RETURN_TYPE = YES;
				GCC_WARN_UNDECLARED_SELECTOR = YES;
				GCC_WARN_UNINITIALIZED_AUTOS = YES;
				GCC_WARN_UNUSED_FUNCTION = YES;
				GCC_WARN_UNUSED_VARIABLE = YES;
				IPHONEOS_DEPLOYMENT_TARGET = 8.0;
				STRIP_INSTALLED_PRODUCT = NO;
				SYMROOT = "${SRCROOT}/../build";
				VALIDATE_PRODUCT = YES;
			};
			name = Release;
		};
/* End XCBuildConfiguration section */

/* Begin XCConfigurationList section */
		228C63E080E982B52E8097B0 /* Build configuration list for PBXProject "Pods" */ = {
			isa = XCConfigurationList;
			buildConfigurations = (
				8410D5E338CC2E045B590F02 /* Debug */,
				FF44F397E42D1CB47D80ED21 /* Release */,
			);
			defaultConfigurationIsVisible = 0;
			defaultConfigurationName = Release;
		};
		583853F3256D04C08F8484D2 /* Build configuration list for PBXNativeTarget "Pods-Alamofire" */ = {
			isa = XCConfigurationList;
			buildConfigurations = (
				73FAFB5F88FEB75823F7C390 /* Debug */,
				8DFE13555C7D0F498B9A8EBD /* Release */,
			);
			defaultConfigurationIsVisible = 0;
			defaultConfigurationName = Release;
		};
		9288F4518DC4EB74F93B3B77 /* Build configuration list for PBXNativeTarget "Pods" */ = {
			isa = XCConfigurationList;
			buildConfigurations = (
				7B27F3B61BF0F7CCDC8C9079 /* Debug */,
				600F5BA667E491C83DFC34AC /* Release */,
			);
			defaultConfigurationIsVisible = 0;
			defaultConfigurationName = Release;
		};
/* End XCConfigurationList section */
	};
	rootObject = 6F26CAF18E77EC35414D9B4E /* Project object */;
}
